
Microsoft Visual Studio Solution File, Format Version 12.00
# Visual Studio 15
VisualStudioVersion = 15.0.28010.2050
MinimumVisualStudioVersion = 10.0.40219.1
Project("{9A19103F-16F7-4668-BE54-9A1E7A4F7556}") = "ATMDemo", "ATMDemo\ATMDemo.csproj", "{98595097-A30E-46A7-9CB4-A9AA6811FE7D}"
EndProject
Project("{9A19103F-16F7-4668-BE54-9A1E7A4F7556}") = "ATM.Data", "ATM.Data\ATM.Data.csproj", "{6A913734-4768-43FF-8F6D-222014DBBAF8}"
EndProject
Project("{9A19103F-16F7-4668-BE54-9A1E7A4F7556}") = "ATM.DataObjects", "ATM.Entities\ATM.DataObjects.csproj", "{8390F860-043A-4010-9101-E8F584E93B26}"
EndProject
Project("{9A19103F-16F7-4668-BE54-9A1E7A4F7556}") = "ATM.Interfaces", "ATM.Interfaces\ATM.Interfaces.csproj", "{22917FB4-18C3-4994-A9BE-9CEBEB3554C2}"
EndProject
Project("{9A19103F-16F7-4668-BE54-9A1E7A4F7556}") = "ATM.Repositories", "ATM.Repositories\ATM.Repositories.csproj", "{A51F1ADD-3BA7-4D31-9CA4-11DD32116DF5}"
EndProject
Project("{9A19103F-16F7-4668-BE54-9A1E7A4F7556}") = "ATM.Services", "ATM.Services\ATM.Services.csproj", "{34E31A6D-6478-4783-AEFD-15982D484C48}"
EndProject
Global
	GlobalSection(SolutionConfigurationPlatforms) = preSolution
		Debug|Any CPU = Debug|Any CPU
		Release|Any CPU = Release|Any CPU
	EndGlobalSection
	GlobalSection(ProjectConfigurationPlatforms) = postSolution
		{98595097-A30E-46A7-9CB4-A9AA6811FE7D}.Debug|Any CPU.ActiveCfg = Debug|Any CPU
		{98595097-A30E-46A7-9CB4-A9AA6811FE7D}.Debug|Any CPU.Build.0 = Debug|Any CPU
		{98595097-A30E-46A7-9CB4-A9AA6811FE7D}.Release|Any CPU.ActiveCfg = Release|Any CPU
		{98595097-A30E-46A7-9CB4-A9AA6811FE7D}.Release|Any CPU.Build.0 = Release|Any CPU
		{6A913734-4768-43FF-8F6D-222014DBBAF8}.Debug|Any CPU.ActiveCfg = Debug|Any CPU
		{6A913734-4768-43FF-8F6D-222014DBBAF8}.Debug|Any CPU.Build.0 = Debug|Any CPU
		{6A913734-4768-43FF-8F6D-222014DBBAF8}.Release|Any CPU.ActiveCfg = Release|Any CPU
		{6A913734-4768-43FF-8F6D-222014DBBAF8}.Release|Any CPU.Build.0 = Release|Any CPU
		{8390F860-043A-4010-9101-E8F584E93B26}.Debug|Any CPU.ActiveCfg = Debug|Any CPU
		{8390F860-043A-4010-9101-E8F584E93B26}.Debug|Any CPU.Build.0 = Debug|Any CPU
		{8390F860-043A-4010-9101-E8F584E93B26}.Release|Any CPU.ActiveCfg = Release|Any CPU
		{8390F860-043A-4010-9101-E8F584E93B26}.Release|Any CPU.Build.0 = Release|Any CPU
		{22917FB4-18C3-4994-A9BE-9CEBEB3554C2}.Debug|Any CPU.ActiveCfg = Debug|Any CPU
		{22917FB4-18C3-4994-A9BE-9CEBEB3554C2}.Debug|Any CPU.Build.0 = Debug|Any CPU
		{22917FB4-18C3-4994-A9BE-9CEBEB3554C2}.Release|Any CPU.ActiveCfg = Release|Any CPU
		{22917FB4-18C3-4994-A9BE-9CEBEB3554C2}.Release|Any CPU.Build.0 = Release|Any CPU
		{A51F1ADD-3BA7-4D31-9CA4-11DD32116DF5}.Debug|Any CPU.ActiveCfg = Debug|Any CPU
		{A51F1ADD-3BA7-4D31-9CA4-11DD32116DF5}.Debug|Any CPU.Build.0 = Debug|Any CPU
		{A51F1ADD-3BA7-4D31-9CA4-11DD32116DF5}.Release|Any CPU.ActiveCfg = Release|Any CPU
		{A51F1ADD-3BA7-4D31-9CA4-11DD32116DF5}.Release|Any CPU.Build.0 = Release|Any CPU
		{34E31A6D-6478-4783-AEFD-15982D484C48}.Debug|Any CPU.ActiveCfg = Debug|Any CPU
		{34E31A6D-6478-4783-AEFD-15982D484C48}.Debug|Any CPU.Build.0 = Debug|Any CPU
		{34E31A6D-6478-4783-AEFD-15982D484C48}.Release|Any CPU.ActiveCfg = Release|Any CPU
		{34E31A6D-6478-4783-AEFD-15982D484C48}.Release|Any CPU.Build.0 = Release|Any CPU
	EndGlobalSection
	GlobalSection(SolutionProperties) = preSolution
		HideSolutionNode = FALSE
	EndGlobalSection
	GlobalSection(ExtensibilityGlobals) = postSolution
		SolutionGuid = {629113FD-6676-43DB-81FB-3E997594EF4A}
	EndGlobalSection
EndGlobal
